// !$*UTF8*$!
{
	archiveVersion = 1;
	classes = {
	};
	objectVersion = 46;
	objects = {

/* Begin PBXBuildFile section */
		894CFD521C3FE2220049BEFE /* AppDelegate.swift in Sources */ = {isa = PBXBuildFile; fileRef = 894CFD511C3FE2220049BEFE /* AppDelegate.swift */; };
		894CFD541C3FE2220049BEFE /* ViewController.swift in Sources */ = {isa = PBXBuildFile; fileRef = 894CFD531C3FE2220049BEFE /* ViewController.swift */; };
		894CFD571C3FE2220049BEFE /* Main.storyboard in Resources */ = {isa = PBXBuildFile; fileRef = 894CFD551C3FE2220049BEFE /* Main.storyboard */; };
		894CFD591C3FE2220049BEFE /* Assets.xcassets in Resources */ = {isa = PBXBuildFile; fileRef = 894CFD581C3FE2220049BEFE /* Assets.xcassets */; };
		894CFD5C1C3FE2220049BEFE /* LaunchScreen.storyboard in Resources */ = {isa = PBXBuildFile; fileRef = 894CFD5A1C3FE2220049BEFE /* LaunchScreen.storyboard */; };
		894CFD641C3FE2520049BEFE /* Datos.swift in Sources */ = {isa = PBXBuildFile; fileRef = 894CFD631C3FE2520049BEFE /* Datos.swift */; };
/* End PBXBuildFile section */

/* Begin PBXFileReference section */
		894CFD4E1C3FE2220049BEFE /* Hamburguesas.app */ = {isa = PBXFileReference; explicitFileType = wrapper.application; includeInIndex = 0; path = Hamburguesas.app; sourceTree = BUILT_PRODUCTS_DIR; };
		894CFD511C3FE2220049BEFE /* AppDelegate.swift */ = {isa = PBXFileReference; lastKnownFileType = sourcecode.swift; path = AppDelegate.swift; sourceTree = "<group>"; };
		894CFD531C3FE2220049BEFE /* ViewController.swift */ = {isa = PBXFileReference; lastKnownFileType = sourcecode.swift; path = ViewController.swift; sourceTree = "<group>"; };
		894CFD561C3FE2220049BEFE /* Base */ = {isa = PBXFileReference; lastKnownFileType = file.storyboard; name = Base; path = Base.lproj/Main.storyboard; sourceTree = "<group>"; };
		894CFD581C3FE2220049BEFE /* Assets.xcassets */ = {isa = PBXFileReference; lastKnownFileType = folder.assetcatalog; path = Assets.xcassets; sourceTree = "<group>"; };
		894CFD5B1C3FE2220049BEFE /* Base */ = {isa = PBXFileReference; lastKnownFileType = file.storyboard; name = Base; path = Base.lproj/LaunchScreen.storyboard; sourceTree = "<group>"; };
		894CFD5D1C3FE2220049BEFE /* Info.plist */ = {isa = PBXFileReference; lastKnownFileType = text.plist.xml; path = Info.plist; sourceTree = "<group>"; };
		894CFD631C3FE2520049BEFE /* Datos.swift */ = {isa = PBXFileReference; fileEncoding = 4; lastKnownFileType = sourcecode.swift; path = Datos.swift; sourceTree = "<group>"; };
/* End PBXFileReference section */

/* Begin PBXFrameworksBuildPhase section */
		894CFD4B1C3FE2220049BEFE /* Frameworks */ = {
			isa = PBXFrameworksBuildPhase;
			buildActionMask = 2147483647;
			files = (
			);
			runOnlyForDeploymentPostprocessing = 0;
		};
/* End PBXFrameworksBuildPhase section */

/* Begin PBXGroup section */
		894CFD451C3FE2220049BEFE = {
			isa = PBXGroup;
			children = (
				894CFD501C3FE2220049BEFE /* Hamburguesas */,
				894CFD4F1C3FE2220049BEFE /* Products */,
			);
			sourceTree = "<group>";
		};
		894CFD4F1C3FE2220049BEFE /* Products */ = {
			isa = PBXGroup;
			children = (
				894CFD4E1C3FE2220049BEFE /* Hamburguesas.app */,
			);
			name = Products;
			sourceTree = "<group>";
		};
		894CFD501C3FE2220049BEFE /* Hamburguesas */ = {
			isa = PBXGroup;
			children = (
				894CFD511C3FE2220049BEFE /* AppDelegate.swift */,
				894CFD531C3FE2220049BEFE /* ViewController.swift */,
				894CFD551C3FE2220049BEFE /* Main.storyboard */,
				894CFD581C3FE2220049BEFE /* Assets.xcassets */,
				894CFD5A1C3FE2220049BEFE /* LaunchScreen.storyboard */,
				894CFD5D1C3FE2220049BEFE /* Info.plist */,
				894CFD631C3FE2520049BEFE /* Datos.swift */,
			);
			path = Hamburguesas;
			sourceTree = "<group>";
		};
/* End PBXGroup section */

/* Begin PBXNativeTarget section */
		894CFD4D1C3FE2220049BEFE /* Hamburguesas */ = {
			isa = PBXNativeTarget;
			buildConfigurationList = 894CFD601C3FE2220049BEFE /* Build configuration list for PBXNativeTarget "Hamburguesas" */;
			buildPhases = (
				894CFD4A1C3FE2220049BEFE /* Sources */,
				894CFD4B1C3FE2220049BEFE /* Frameworks */,
				894CFD4C1C3FE2220049BEFE /* Resources */,
			);
			buildRules = (
			);
			dependencies = (
			);
			name = Hamburguesas;
			productName = Hamburguesas;
			productReference = 894CFD4E1C3FE2220049BEFE /* Hamburguesas.app */;
			productType = "com.apple.product-type.application";
		};
/* End PBXNativeTarget section */

/* Begin PBXProject section */
		894CFD461C3FE2220049BEFE /* Project object */ = {
			isa = PBXProject;
			attributes = {
				LastSwiftUpdateCheck = 0720;
				LastUpgradeCheck = 0720;
				ORGANIZATIONNAME = "Ryan Berrio";
				TargetAttributes = {
					894CFD4D1C3FE2220049BEFE = {
						CreatedOnToolsVersion = 7.2;
					};
				};
			};
			buildConfigurationList = 894CFD491C3FE2220049BEFE /* Build configuration list for PBXProject "Hamburguesas" */;
			compatibilityVersion = "Xcode 3.2";
			developmentRegion = English;
			hasScannedForEncodings = 0;
			knownRegions = (
				en,
				Base,
			);
			mainGroup = 894CFD451C3FE2220049BEFE;
			productRefGroup = 894CFD4F1C3FE2220049BEFE /* Products */;
			projectDirPath = "";
			projectRoot = "";
			targets = (
				894CFD4D1C3FE2220049BEFE /* Hamburguesas */,
			);
		};
/* End PBXProject section */

/* Begin PBXResourcesBuildPhase section */
		894CFD4C1C3FE2220049BEFE /* Resources */ = {
			isa = PBXResourcesBuildPhase;
			buildActionMask = 2147483647;
			files = (
				894CFD5C1C3FE2220049BEFE /* LaunchScreen.storyboard in Resources */,
				894CFD591C3FE2220049BEFE /* Assets.xcassets in Resources */,
				894CFD571C3FE2220049BEFE /* Main.storyboard in Resources */,
			);
			runOnlyForDeploymentPostprocessing = 0;
		};
/* End PBXResourcesBuildPhase section */

/* Begin PBXSourcesBuildPhase section */
		894CFD4A1C3FE2220049BEFE /* Sources */ = {
			isa = PBXSourcesBuildPhase;
			buildActionMask = 2147483647;
			files = (
				894CFD541C3FE2220049BEFE /* ViewController.swift in Sources */,
				894CFD521C3FE2220049BEFE /* AppDelegate.swift in Sources */,
				894CFD641C3FE2520049BEFE /* Datos.swift in Sources */,
			);
			runOnlyForDeploymentPostprocessing = 0;
		};
/* End PBXSourcesBuildPhase section */

/* Begin PBXVariantGroup section */
		894CFD551C3FE2220049BEFE /* Main.storyboard */ = {
			isa = PBXVariantGroup;
			children = (
				894CFD561C3FE2220049BEFE /* Base */,
			);
			name = Main.storyboard;
			sourceTree = "<group>";
		};
		894CFD5A1C3FE2220049BEFE /* LaunchScreen.storyboard */ = {
			isa = PBXVariantGroup;
			children = (
				894CFD5B1C3FE2220049BEFE /* Base */,
			);
			name = LaunchScreen.storyboard;
			sourceTree = "<group>";
		};
/* End PBXVariantGroup section */

/* Begin XCBuildConfiguration section */
		894CFD5E1C3FE2220049BEFE /* Debug */ = {
			isa = XCBuildConfiguration;
			buildSettings = {
				ALWAYS_SEARCH_USER_PATHS = NO;
				CLANG_CXX_LANGUAGE_STANDARD = "gnu++0x";
				CLANG_CXX_LIBRARY = "libc++";
				CLANG_ENABLE_MODULES = YES;
				CLANG_ENABLE_OBJC_ARC = YES;
				CLANG_WARN_BOOL_CONVERSION = YES;
				CLANG_WARN_CONSTANT_CONVERSION = YES;
				CLANG_WARN_DIRECT_OBJC_ISA_USAGE = YES_ERROR;
				CLANG_WARN_EMPTY_BODY = YES;
				CLANG_WARN_ENUM_CONVERSION = YES;
				CLANG_WARN_INT_CONVERSION = YES;
				CLANG_WARN_OBJC_ROOT_CLASS = YES_ERROR;
				CLANG_WARN_UNREACHABLE_CODE = YES;
				CLANG_WARN__DUPLICATE_METHOD_MATCH = YES;
				"CODE_SIGN_IDENTITY[sdk=iphoneos*]" = "iPhone Developer";
				COPY_PHASE_STRIP = NO;
				DEBUG_INFORMATION_FORMAT = dwarf;
				ENABLE_STRICT_OBJC_MSGSEND = YES;
				ENABLE_TESTABILITY = YES;
				GCC_C_LANGUAGE_STANDARD = gnu99;
				GCC_DYNAMIC_NO_PIC = NO;
				GCC_NO_COMMON_BLOCKS = YES;
				GCC_OPTIMIZATION_LEVEL = 0;
				GCC_PREPROCESSOR_DEFINITIONS = (
					"DEBUG=1",
					"$(inherited)",
				);
				GCC_WARN_64_TO_32_BIT_CONVERSION = YES;
				GCC_WARN_ABOUT_RETURN_TYPE = YES_ERROR;
				GCC_WARN_UNDECLARED_SELECTOR = YES;
				GCC_WARN_UNINITIALIZED_AUTOS = YES_AGGRESSIVE;
				GCC_WARN_UNUSED_FUNCTION = YES;
				GCC_WARN_UNUSED_VARIABLE = YES;
				IPHONEOS_DEPLOYMENT_TARGET = 9.2;
				MTL_ENABLE_DEBUG_INFO = YES;
				ONLY_ACTIVE_ARCH = YES;
				SDKROOT = iphoneos;
				SWIFT_OPTIMIZATION_LEVEL = "-Onone";
			};
			name = Debug;
		};
		894CFD5F1C3FE2220049BEFE /* Release */ = {
			isa = XCBuildConfiguration;
			buildSettings = {
				ALWAYS_SEARCH_USER_PATHS = NO;
				CLANG_CXX_LANGUAGE_STANDARD = "gnu++0x";
				CLANG_CXX_LIBRARY = "libc++";
				CLANG_ENABLE_MODULES = YES;
				CLANG_ENABLE_OBJC_ARC = YES;
				CLANG_WARN_BOOL_CONVERSION = YES;
				CLANG_WARN_CONSTANT_CONVERSION = YES;
				CLANG_WARN_DIRECT_OBJC_ISA_USAGE = YES_ERROR;
				CLANG_WARN_EMPTY_BODY = YES;
				CLANG_WARN_ENUM_CONVERSION = YES;
				CLANG_WARN_INT_CONVERSION = YES;
				CLANG_WARN_OBJC_ROOT_CLASS = YES_ERROR;
				CLANG_WARN_UNREACHABLE_CODE = YES;
				CLANG_WARN__DUPLICATE_METHOD_MATCH = YES;
				"CODE_SIGN_IDENTITY[sdk=iphoneos*]" = "iPhone Developer";
				COPY_PHASE_STRIP = NO;
				DEBUG_INFORMATION_FORMAT = "dwarf-with-dsym";
				ENABLE_NS_ASSERTIONS = NO;
				ENABLE_STRICT_OBJC_MSGSEND = YES;
				GCC_C_LANGUAGE_STANDARD = gnu99;
				GCC_NO_COMMON_BLOCKS = YES;
				GCC_WARN_64_TO_32_BIT_CONVERSION = YES;
				GCC_WARN_ABOUT_RETURN_TYPE = YES_ERROR;
				GCC_WARN_UNDECLARED_SELECTOR = YES;
				GCC_WARN_UNINITIALIZED_AUTOS = YES_AGGRESSIVE;
				GCC_WARN_UNUSED_FUNCTION = YES;
				GCC_WARN_UNUSED_VARIABLE = YES;
				IPHONEOS_DEPLOYMENT_TARGET = 9.2;
				MTL_ENABLE_DEBUG_INFO = NO;
				SDKROOT = iphoneos;
				VALIDATE_PRODUCT = YES;
			};
			name = Release;
		};
		894CFD611C3FE2220049BEFE /* Debug */ = {
			isa = XCBuildConfiguration;
			buildSettings = {
				ASSETCATALOG_COMPILER_APPICON_NAME = AppIcon;
				INFOPLIST_FILE = Hamburguesas/Info.plist;
				LD_RUNPATH_SEARCH_PATHS = "$(inherited) @executable_path/Frameworks";
				PRODUCT_BUNDLE_IDENTIFIER = com.ryanberrio.Hamburguesas;
				PRODUCT_NAME = "$(TARGET_NAME)";
				TARGETED_DEVICE_FAMILY = 1;
			};
			name = Debug;
		};
		894CFD621C3FE2220049BEFE /* Release */ = {
			isa = XCBuildConfiguration;
			buildSettings = {
				ASSETCATALOG_COMPILER_APPICON_NAME = AppIcon;
				INFOPLIST_FILE = Hamburguesas/Info.plist;
				LD_RUNPATH_SEARCH_PATHS = "$(inherited) @executable_path/Frameworks";
				PRODUCT_BUNDLE_IDENTIFIER = com.ryanberrio.Hamburguesas;
				PRODUCT_NAME = "$(TARGET_NAME)";
				TARGETED_DEVICE_FAMILY = 1;
			};
			name = Release;
		};
/* End XCBuildConfiguration section */

/* Begin XCConfigurationList section */
		894CFD491C3FE2220049BEFE /* Build configuration list for PBXProject "Hamburguesas" */ = {
			isa = XCConfigurationList;
			buildConfigurations = (
				894CFD5E1C3FE2220049BEFE /* Debug */,
				894CFD5F1C3FE2220049BEFE /* Release */,
			);
			defaultConfigurationIsVisible = 0;
			defaultConfigurationName = Release;
		};
		894CFD601C3FE2220049BEFE /* Build configuration list for PBXNativeTarget "Hamburguesas" */ = {
			isa = XCConfigurationList;
			buildConfigurations = (
				894CFD611C3FE2220049BEFE /* Debug */,
				894CFD621C3FE2220049BEFE /* Release */,
			);
			defaultConfigurationIsVisible = 0;
		};
/* End XCConfigurationList section */
	};
	rootObject = 894CFD461C3FE2220049BEFE /* Project object */;
}
